{
  "version": "5",
  "specifiers": {
    "jsr:@hono/hono@^4.10.4": "4.10.4",
    "jsr:@hono/hono@^4.8.3": "4.10.4",
    "jsr:@hono/zod-validator@~0.7.4": "0.7.4",
    "jsr:@zod/zod@^4.1.12": "4.1.12",
    "npm:@types/node@*": "24.2.0",
    "npm:zod@^4.0.5": "4.1.12"
  },
  "jsr": {
    "@hono/hono@4.10.4": {
      "integrity": "e54d00c4cf994e7ae297d7321793cf940656b9c5e934564c03ffc15499041b9e"
    },
    "@hono/zod-validator@0.7.4": {
      "integrity": "aa09fe265989840d4ab88d6c393a5e2141920a536b8b75c39c6f36ddb344fed1",
      "dependencies": [
        "jsr:@hono/hono@^4.8.3",
        "npm:zod"
      ]
    },
    "@zod/zod@4.1.12": {
      "integrity": "5876ed4c6d44673faf5120f0a461a2ada2eb6c735329d3ebaf5ba1fc08387695"
    }
  },
  "npm": {
    "@types/node@24.2.0": {
      "integrity": "sha512-3xyG3pMCq3oYCNg7/ZP+E1ooTaGB4cG8JWRsqqOYQdbWNY4zbaV0Ennrd7stjiJEFZCaybcIgpTjJWHRfBSIDw==",
      "dependencies": [
        "undici-types"
      ]
    },
    "undici-types@7.10.0": {
      "integrity": "sha512-t5Fy/nfn+14LuOc2KNYg75vZqClpAiqscVvMygNnlsHBFpSXdJaYtXMcdNLpl/Qvc3P2cB3s6lOV51nqsFq4ag=="
    },
    "zod@4.1.12": {
      "integrity": "sha512-JInaHOamG8pt5+Ey8kGmdcAcg3OL9reK8ltczgHTAwNhMys/6ThXHityHxVV2p3fkw/c+MAvBHFVYHFZDmjMCQ=="
    }
  },
  "workspace": {
    "dependencies": [
      "jsr:@hono/hono@^4.10.4",
      "jsr:@hono/zod-validator@~0.7.4",
      "jsr:@zod/zod@^4.1.12"
    ]
  }
}
